
Microsoft Visual Studio Solution File, Format Version 12.00
# Visual Studio Version 16
VisualStudioVersion = 16.0.30114.105
MinimumVisualStudioVersion = 10.0.40219.1
Project("{FAE04EC0-301F-11D3-BF4B-00C04F79EFBC}") = "Product.API", "Product.API\Product.API.csproj", "{D5A204FE-926F-46F1-92CF-832856C3FC63}"
EndProject
Global
	GlobalSection(SolutionConfigurationPlatforms) = preSolution
		Debug|Any CPU = Debug|Any CPU
		Release|Any CPU = Release|Any CPU
	EndGlobalSection
	GlobalSection(SolutionProperties) = preSolution
		HideSolutionNode = FALSE
	EndGlobalSection
	GlobalSection(ProjectConfigurationPlatforms) = postSolution
		{D5A204FE-926F-46F1-92CF-832856C3FC63}.Debug|Any CPU.ActiveCfg = Debug|Any CPU
		{D5A204FE-926F-46F1-92CF-832856C3FC63}.Debug|Any CPU.Build.0 = Debug|Any CPU
		{D5A204FE-926F-46F1-92CF-832856C3FC63}.Release|Any CPU.ActiveCfg = Release|Any CPU
		{D5A204FE-926F-46F1-92CF-832856C3FC63}.Release|Any CPU.Build.0 = Release|Any CPU
	EndGlobalSection
EndGlobal
